
Microsoft Visual Studio Solution File, Format Version 12.00
# Visual Studio Version 16
VisualStudioVersion = 16.0.31729.503
MinimumVisualStudioVersion = 10.0.40219.1
Project("{FAE04EC0-301F-11D3-BF4B-00C04F79EFBC}") = "AracKiralama", "AracKiralama\AracKiralama.csproj", "{44364B50-5CFC-42EC-B203-52D6CD68C66A}"
EndProject
Global
	GlobalSection(SolutionConfigurationPlatforms) = preSolution
		Debug|Any CPU = Debug|Any CPU
		Release|Any CPU = Release|Any CPU
	EndGlobalSection
	GlobalSection(ProjectConfigurationPlatforms) = postSolution
		{44364B50-5CFC-42EC-B203-52D6CD68C66A}.Debug|Any CPU.ActiveCfg = Debug|Any CPU
		{44364B50-5CFC-42EC-B203-52D6CD68C66A}.Debug|Any CPU.Build.0 = Debug|Any CPU
		{44364B50-5CFC-42EC-B203-52D6CD68C66A}.Release|Any CPU.ActiveCfg = Release|Any CPU
		{44364B50-5CFC-42EC-B203-52D6CD68C66A}.Release|Any CPU.Build.0 = Release|Any CPU
	EndGlobalSection
	GlobalSection(SolutionProperties) = preSolution
		HideSolutionNode = FALSE
	EndGlobalSection
	GlobalSection(ExtensibilityGlobals) = postSolution
		SolutionGuid = {8FFAF3BB-3954-434C-B74F-87866B9BBF73}
	EndGlobalSection
EndGlobal
